// !$*UTF8*$!
{
	archiveVersion = 1;
	classes = {
	};
	objectVersion = 55;
	objects = {

/* Begin PBXBuildFile section */
		89B7FF102935DACD00E43470 /* AppDelegate.swift in Sources */ = {isa = PBXBuildFile; fileRef = 89B7FF0F2935DACD00E43470 /* AppDelegate.swift */; };
		89B7FF122935DACD00E43470 /* SceneDelegate.swift in Sources */ = {isa = PBXBuildFile; fileRef = 89B7FF112935DACD00E43470 /* SceneDelegate.swift */; };
		89B7FF142935DACD00E43470 /* ViewController.swift in Sources */ = {isa = PBXBuildFile; fileRef = 89B7FF132935DACD00E43470 /* ViewController.swift */; };
		89B7FF172935DACD00E43470 /* Main.storyboard in Resources */ = {isa = PBXBuildFile; fileRef = 89B7FF152935DACD00E43470 /* Main.storyboard */; };
		89B7FF192935DAD200E43470 /* Assets.xcassets in Resources */ = {isa = PBXBuildFile; fileRef = 89B7FF182935DAD200E43470 /* Assets.xcassets */; };
		89B7FF1C2935DAD200E43470 /* LaunchScreen.storyboard in Resources */ = {isa = PBXBuildFile; fileRef = 89B7FF1A2935DAD200E43470 /* LaunchScreen.storyboard */; };
		89B7FF272935DAD300E43470 /* TestTests.swift in Sources */ = {isa = PBXBuildFile; fileRef = 89B7FF262935DAD300E43470 /* TestTests.swift */; };
		89B7FF312935DAD300E43470 /* TestUITests.swift in Sources */ = {isa = PBXBuildFile; fileRef = 89B7FF302935DAD300E43470 /* TestUITests.swift */; };
		89B7FF332935DAD300E43470 /* TestUITestsLaunchTests.swift in Sources */ = {isa = PBXBuildFile; fileRef = 89B7FF322935DAD300E43470 /* TestUITestsLaunchTests.swift */; };
/* End PBXBuildFile section */

/* Begin PBXContainerItemProxy section */
		89B7FF232935DAD300E43470 /* PBXContainerItemProxy */ = {
			isa = PBXContainerItemProxy;
			containerPortal = 89B7FF042935DACD00E43470 /* Project object */;
			proxyType = 1;
			remoteGlobalIDString = 89B7FF0B2935DACD00E43470;
			remoteInfo = Test;
		};
		89B7FF2D2935DAD300E43470 /* PBXContainerItemProxy */ = {
			isa = PBXContainerItemProxy;
			containerPortal = 89B7FF042935DACD00E43470 /* Project object */;
			proxyType = 1;
			remoteGlobalIDString = 89B7FF0B2935DACD00E43470;
			remoteInfo = Test;
		};
/* End PBXContainerItemProxy section */

/* Begin PBXFileReference section */
		89B7FF0C2935DACD00E43470 /* Test.app */ = {isa = PBXFileReference; explicitFileType = wrapper.application; includeInIndex = 0; path = Test.app; sourceTree = BUILT_PRODUCTS_DIR; };
		89B7FF0F2935DACD00E43470 /* AppDelegate.swift */ = {isa = PBXFileReference; lastKnownFileType = sourcecode.swift; path = AppDelegate.swift; sourceTree = "<group>"; };
		89B7FF112935DACD00E43470 /* SceneDelegate.swift */ = {isa = PBXFileReference; lastKnownFileType = sourcecode.swift; path = SceneDelegate.swift; sourceTree = "<group>"; };
		89B7FF132935DACD00E43470 /* ViewController.swift */ = {isa = PBXFileReference; lastKnownFileType = sourcecode.swift; path = ViewController.swift; sourceTree = "<group>"; };
		89B7FF162935DACD00E43470 /* Base */ = {isa = PBXFileReference; lastKnownFileType = file.storyboard; name = Base; path = Base.lproj/Main.storyboard; sourceTree = "<group>"; };
		89B7FF182935DAD200E43470 /* Assets.xcassets */ = {isa = PBXFileReference; lastKnownFileType = folder.assetcatalog; path = Assets.xcassets; sourceTree = "<group>"; };
		89B7FF1B2935DAD200E43470 /* Base */ = {isa = PBXFileReference; lastKnownFileType = file.storyboard; name = Base; path = Base.lproj/LaunchScreen.storyboard; sourceTree = "<group>"; };
		89B7FF1D2935DAD200E43470 /* Info.plist */ = {isa = PBXFileReference; lastKnownFileType = text.plist.xml; path = Info.plist; sourceTree = "<group>"; };
		89B7FF222935DAD300E43470 /* TestTests.xctest */ = {isa = PBXFileReference; explicitFileType = wrapper.cfbundle; includeInIndex = 0; path = TestTests.xctest; sourceTree = BUILT_PRODUCTS_DIR; };
		89B7FF262935DAD300E43470 /* TestTests.swift */ = {isa = PBXFileReference; lastKnownFileType = sourcecode.swift; path = TestTests.swift; sourceTree = "<group>"; };
		89B7FF2C2935DAD300E43470 /* TestUITests.xctest */ = {isa = PBXFileReference; explicitFileType = wrapper.cfbundle; includeInIndex = 0; path = TestUITests.xctest; sourceTree = BUILT_PRODUCTS_DIR; };
		89B7FF302935DAD300E43470 /* TestUITests.swift */ = {isa = PBXFileReference; lastKnownFileType = sourcecode.swift; path = TestUITests.swift; sourceTree = "<group>"; };
		89B7FF322935DAD300E43470 /* TestUITestsLaunchTests.swift */ = {isa = PBXFileReference; lastKnownFileType = sourcecode.swift; path = TestUITestsLaunchTests.swift; sourceTree = "<group>"; };
/* End PBXFileReference section */

/* Begin PBXFrameworksBuildPhase section */
		89B7FF092935DACD00E43470 /* Frameworks */ = {
			isa = PBXFrameworksBuildPhase;
			buildActionMask = 2147483647;
			files = (
			);
			runOnlyForDeploymentPostprocessing = 0;
		};
		89B7FF1F2935DAD300E43470 /* Frameworks */ = {
			isa = PBXFrameworksBuildPhase;
			buildActionMask = 2147483647;
			files = (
			);
			runOnlyForDeploymentPostprocessing = 0;
		};
		89B7FF292935DAD300E43470 /* Frameworks */ = {
			isa = PBXFrameworksBuildPhase;
			buildActionMask = 2147483647;
			files = (
			);
			runOnlyForDeploymentPostprocessing = 0;
		};
/* End PBXFrameworksBuildPhase section */

/* Begin PBXGroup section */
		89B7FF032935DACD00E43470 = {
			isa = PBXGroup;
			children = (
				89B7FF0E2935DACD00E43470 /* Test */,
				89B7FF252935DAD300E43470 /* TestTests */,
				89B7FF2F2935DAD300E43470 /* TestUITests */,
				89B7FF0D2935DACD00E43470 /* Products */,
			);
			sourceTree = "<group>";
		};
		89B7FF0D2935DACD00E43470 /* Products */ = {
			isa = PBXGroup;
			children = (
				89B7FF0C2935DACD00E43470 /* Test.app */,
				89B7FF222935DAD300E43470 /* TestTests.xctest */,
				89B7FF2C2935DAD300E43470 /* TestUITests.xctest */,
			);
			name = Products;
			sourceTree = "<group>";
		};
		89B7FF0E2935DACD00E43470 /* Test */ = {
			isa = PBXGroup;
			children = (
				89B7FF0F2935DACD00E43470 /* AppDelegate.swift */,
				89B7FF112935DACD00E43470 /* SceneDelegate.swift */,
				89B7FF132935DACD00E43470 /* ViewController.swift */,
				89B7FF152935DACD00E43470 /* Main.storyboard */,
				89B7FF182935DAD200E43470 /* Assets.xcassets */,
				89B7FF1A2935DAD200E43470 /* LaunchScreen.storyboard */,
				89B7FF1D2935DAD200E43470 /* Info.plist */,
			);
			path = Test;
			sourceTree = "<group>";
		};
		89B7FF252935DAD300E43470 /* TestTests */ = {
			isa = PBXGroup;
			children = (
				89B7FF262935DAD300E43470 /* TestTests.swift */,
			);
			path = TestTests;
			sourceTree = "<group>";
		};
		89B7FF2F2935DAD300E43470 /* TestUITests */ = {
			isa = PBXGroup;
			children = (
				89B7FF302935DAD300E43470 /* TestUITests.swift */,
				89B7FF322935DAD300E43470 /* TestUITestsLaunchTests.swift */,
			);
			path = TestUITests;
			sourceTree = "<group>";
		};
/* End PBXGroup section */

/* Begin PBXNativeTarget section */
		89B7FF0B2935DACD00E43470 /* Test */ = {
			isa = PBXNativeTarget;
			buildConfigurationList = 89B7FF362935DAD300E43470 /* Build configuration list for PBXNativeTarget "Test" */;
			buildPhases = (
				89B7FF082935DACD00E43470 /* Sources */,
				89B7FF092935DACD00E43470 /* Frameworks */,
				89B7FF0A2935DACD00E43470 /* Resources */,
			);
			buildRules = (
			);
			dependencies = (
			);
			name = Test;
			productName = Test;
			productReference = 89B7FF0C2935DACD00E43470 /* Test.app */;
			productType = "com.apple.product-type.application";
		};
		89B7FF212935DAD300E43470 /* TestTests */ = {
			isa = PBXNativeTarget;
			buildConfigurationList = 89B7FF392935DAD300E43470 /* Build configuration list for PBXNativeTarget "TestTests" */;
			buildPhases = (
				89B7FF1E2935DAD300E43470 /* Sources */,
				89B7FF1F2935DAD300E43470 /* Frameworks */,
				89B7FF202935DAD300E43470 /* Resources */,
			);
			buildRules = (
			);
			dependencies = (
				89B7FF242935DAD300E43470 /* PBXTargetDependency */,
			);
			name = TestTests;
			productName = TestTests;
			productReference = 89B7FF222935DAD300E43470 /* TestTests.xctest */;
			productType = "com.apple.product-type.bundle.unit-test";
		};
		89B7FF2B2935DAD300E43470 /* TestUITests */ = {
			isa = PBXNativeTarget;
			buildConfigurationList = 89B7FF3C2935DAD300E43470 /* Build configuration list for PBXNativeTarget "TestUITests" */;
			buildPhases = (
				89B7FF282935DAD300E43470 /* Sources */,
				89B7FF292935DAD300E43470 /* Frameworks */,
				89B7FF2A2935DAD300E43470 /* Resources */,
			);
			buildRules = (
			);
			dependencies = (
				89B7FF2E2935DAD300E43470 /* PBXTargetDependency */,
			);
			name = TestUITests;
			productName = TestUITests;
			productReference = 89B7FF2C2935DAD300E43470 /* TestUITests.xctest */;
			productType = "com.apple.product-type.bundle.ui-testing";
		};
/* End PBXNativeTarget section */

/* Begin PBXProject section */
		89B7FF042935DACD00E43470 /* Project object */ = {
			isa = PBXProject;
			attributes = {
				BuildIndependentTargetsInParallel = 1;
				LastSwiftUpdateCheck = 1330;
				LastUpgradeCheck = 1330;
				TargetAttributes = {
					89B7FF0B2935DACD00E43470 = {
						CreatedOnToolsVersion = 13.3;
					};
					89B7FF212935DAD300E43470 = {
						CreatedOnToolsVersion = 13.3;
						TestTargetID = 89B7FF0B2935DACD00E43470;
					};
					89B7FF2B2935DAD300E43470 = {
						CreatedOnToolsVersion = 13.3;
						TestTargetID = 89B7FF0B2935DACD00E43470;
					};
				};
			};
			buildConfigurationList = 89B7FF072935DACD00E43470 /* Build configuration list for PBXProject "Test" */;
			compatibilityVersion = "Xcode 13.0";
			developmentRegion = en;
			hasScannedForEncodings = 0;
			knownRegions = (
				en,
				Base,
			);
			mainGroup = 89B7FF032935DACD00E43470;
			productRefGroup = 89B7FF0D2935DACD00E43470 /* Products */;
			projectDirPath = "";
			projectRoot = "";
			targets = (
				89B7FF0B2935DACD00E43470 /* Test */,
				89B7FF212935DAD300E43470 /* TestTests */,
				89B7FF2B2935DAD300E43470 /* TestUITests */,
			);
		};
/* End PBXProject section */

/* Begin PBXResourcesBuildPhase section */
		89B7FF0A2935DACD00E43470 /* Resources */ = {
			isa = PBXResourcesBuildPhase;
			buildActionMask = 2147483647;
			files = (
				89B7FF1C2935DAD200E43470 /* LaunchScreen.storyboard in Resources */,
				89B7FF192935DAD200E43470 /* Assets.xcassets in Resources */,
				89B7FF172935DACD00E43470 /* Main.storyboard in Resources */,
			);
			runOnlyForDeploymentPostprocessing = 0;
		};
		89B7FF202935DAD300E43470 /* Resources */ = {
			isa = PBXResourcesBuildPhase;
			buildActionMask = 2147483647;
			files = (
			);
			runOnlyForDeploymentPostprocessing = 0;
		};
		89B7FF2A2935DAD300E43470 /* Resources */ = {
			isa = PBXResourcesBuildPhase;
			buildActionMask = 2147483647;
			files = (
			);
			runOnlyForDeploymentPostprocessing = 0;
		};
/* End PBXResourcesBuildPhase section */

/* Begin PBXSourcesBuildPhase section */
		89B7FF082935DACD00E43470 /* Sources */ = {
			isa = PBXSourcesBuildPhase;
			buildActionMask = 2147483647;
			files = (
				89B7FF142935DACD00E43470 /* ViewController.swift in Sources */,
				89B7FF102935DACD00E43470 /* AppDelegate.swift in Sources */,
				89B7FF122935DACD00E43470 /* SceneDelegate.swift in Sources */,
			);
			runOnlyForDeploymentPostprocessing = 0;
		};
		89B7FF1E2935DAD300E43470 /* Sources */ = {
			isa = PBXSourcesBuildPhase;
			buildActionMask = 2147483647;
			files = (
				89B7FF272935DAD300E43470 /* TestTests.swift in Sources */,
			);
			runOnlyForDeploymentPostprocessing = 0;
		};
		89B7FF282935DAD300E43470 /* Sources */ = {
			isa = PBXSourcesBuildPhase;
			buildActionMask = 2147483647;
			files = (
				89B7FF332935DAD300E43470 /* TestUITestsLaunchTests.swift in Sources */,
				89B7FF312935DAD300E43470 /* TestUITests.swift in Sources */,
			);
			runOnlyForDeploymentPostprocessing = 0;
		};
/* End PBXSourcesBuildPhase section */

/* Begin PBXTargetDependency section */
		89B7FF242935DAD300E43470 /* PBXTargetDependency */ = {
			isa = PBXTargetDependency;
			target = 89B7FF0B2935DACD00E43470 /* Test */;
			targetProxy = 89B7FF232935DAD300E43470 /* PBXContainerItemProxy */;
		};
		89B7FF2E2935DAD300E43470 /* PBXTargetDependency */ = {
			isa = PBXTargetDependency;
			target = 89B7FF0B2935DACD00E43470 /* Test */;
			targetProxy = 89B7FF2D2935DAD300E43470 /* PBXContainerItemProxy */;
		};
/* End PBXTargetDependency section */

/* Begin PBXVariantGroup section */
		89B7FF152935DACD00E43470 /* Main.storyboard */ = {
			isa = PBXVariantGroup;
			children = (
				89B7FF162935DACD00E43470 /* Base */,
			);
			name = Main.storyboard;
			sourceTree = "<group>";
		};
		89B7FF1A2935DAD200E43470 /* LaunchScreen.storyboard */ = {
			isa = PBXVariantGroup;
			children = (
				89B7FF1B2935DAD200E43470 /* Base */,
			);
			name = LaunchScreen.storyboard;
			sourceTree = "<group>";
		};
/* End PBXVariantGroup section */

/* Begin XCBuildConfiguration section */
		89B7FF342935DAD300E43470 /* Debug */ = {
			isa = XCBuildConfiguration;
			buildSettings = {
				ALWAYS_SEARCH_USER_PATHS = NO;
				CLANG_ANALYZER_NONNULL = YES;
				CLANG_ANALYZER_NUMBER_OBJECT_CONVERSION = YES_AGGRESSIVE;
				CLANG_CXX_LANGUAGE_STANDARD = "gnu++17";
				CLANG_ENABLE_MODULES = YES;
				CLANG_ENABLE_OBJC_ARC = YES;
				CLANG_ENABLE_OBJC_WEAK = YES;
				CLANG_WARN_BLOCK_CAPTURE_AUTORELEASING = YES;
				CLANG_WARN_BOOL_CONVERSION = YES;
				CLANG_WARN_COMMA = YES;
				CLANG_WARN_CONSTANT_CONVERSION = YES;
				CLANG_WARN_DEPRECATED_OBJC_IMPLEMENTATIONS = YES;
				CLANG_WARN_DIRECT_OBJC_ISA_USAGE = YES_ERROR;
				CLANG_WARN_DOCUMENTATION_COMMENTS = YES;
				CLANG_WARN_EMPTY_BODY = YES;
				CLANG_WARN_ENUM_CONVERSION = YES;
				CLANG_WARN_INFINITE_RECURSION = YES;
				CLANG_WARN_INT_CONVERSION = YES;
				CLANG_WARN_NON_LITERAL_NULL_CONVERSION = YES;
				CLANG_WARN_OBJC_IMPLICIT_RETAIN_SELF = YES;
				CLANG_WARN_OBJC_LITERAL_CONVERSION = YES;
				CLANG_WARN_OBJC_ROOT_CLASS = YES_ERROR;
				CLANG_WARN_QUOTED_INCLUDE_IN_FRAMEWORK_HEADER = YES;
				CLANG_WARN_RANGE_LOOP_ANALYSIS = YES;
				CLANG_WARN_STRICT_PROTOTYPES = YES;
				CLANG_WARN_SUSPICIOUS_MOVE = YES;
				CLANG_WARN_UNGUARDED_AVAILABILITY = YES_AGGRESSIVE;
				CLANG_WARN_UNREACHABLE_CODE = YES;
				CLANG_WARN__DUPLICATE_METHOD_MATCH = YES;
				COPY_PHASE_STRIP = NO;
				DEBUG_INFORMATION_FORMAT = dwarf;
				ENABLE_STRICT_OBJC_MSGSEND = YES;
				ENABLE_TESTABILITY = YES;
				GCC_C_LANGUAGE_STANDARD = gnu11;
				GCC_DYNAMIC_NO_PIC = NO;
				GCC_NO_COMMON_BLOCKS = YES;
				GCC_OPTIMIZATION_LEVEL = 0;
				GCC_PREPROCESSOR_DEFINITIONS = (
					"DEBUG=1",
					"$(inherited)",
				);
				GCC_WARN_64_TO_32_BIT_CONVERSION = YES;
				GCC_WARN_ABOUT_RETURN_TYPE = YES_ERROR;
				GCC_WARN_UNDECLARED_SELECTOR = YES;
				GCC_WARN_UNINITIALIZED_AUTOS = YES_AGGRESSIVE;
				GCC_WARN_UNUSED_FUNCTION = YES;
				GCC_WARN_UNUSED_VARIABLE = YES;
				IPHONEOS_DEPLOYMENT_TARGET = 15.4;
				MTL_ENABLE_DEBUG_INFO = INCLUDE_SOURCE;
				MTL_FAST_MATH = YES;
				ONLY_ACTIVE_ARCH = YES;
				SDKROOT = iphoneos;
				SWIFT_ACTIVE_COMPILATION_CONDITIONS = DEBUG;
				SWIFT_OPTIMIZATION_LEVEL = "-Onone";
			};
			name = Debug;
		};
		89B7FF352935DAD300E43470 /* Release */ = {
			isa = XCBuildConfiguration;
			buildSettings = {
				ALWAYS_SEARCH_USER_PATHS = NO;
				CLANG_ANALYZER_NONNULL = YES;
				CLANG_ANALYZER_NUMBER_OBJECT_CONVERSION = YES_AGGRESSIVE;
				CLANG_CXX_LANGUAGE_STANDARD = "gnu++17";
				CLANG_ENABLE_MODULES = YES;
				CLANG_ENABLE_OBJC_ARC = YES;
				CLANG_ENABLE_OBJC_WEAK = YES;
				CLANG_WARN_BLOCK_CAPTURE_AUTORELEASING = YES;
				CLANG_WARN_BOOL_CONVERSION = YES;
				CLANG_WARN_COMMA = YES;
				CLANG_WARN_CONSTANT_CONVERSION = YES;
				CLANG_WARN_DEPRECATED_OBJC_IMPLEMENTATIONS = YES;
				CLANG_WARN_DIRECT_OBJC_ISA_USAGE = YES_ERROR;
				CLANG_WARN_DOCUMENTATION_COMMENTS = YES;
				CLANG_WARN_EMPTY_BODY = YES;
				CLANG_WARN_ENUM_CONVERSION = YES;
				CLANG_WARN_INFINITE_RECURSION = YES;
				CLANG_WARN_INT_CONVERSION = YES;
				CLANG_WARN_NON_LITERAL_NULL_CONVERSION = YES;
				CLANG_WARN_OBJC_IMPLICIT_RETAIN_SELF = YES;
				CLANG_WARN_OBJC_LITERAL_CONVERSION = YES;
				CLANG_WARN_OBJC_ROOT_CLASS = YES_ERROR;
				CLANG_WARN_QUOTED_INCLUDE_IN_FRAMEWORK_HEADER = YES;
				CLANG_WARN_RANGE_LOOP_ANALYSIS = YES;
				CLANG_WARN_STRICT_PROTOTYPES = YES;
				CLANG_WARN_SUSPICIOUS_MOVE = YES;
				CLANG_WARN_UNGUARDED_AVAILABILITY = YES_AGGRESSIVE;
				CLANG_WARN_UNREACHABLE_CODE = YES;
				CLANG_WARN__DUPLICATE_METHOD_MATCH = YES;
				COPY_PHASE_STRIP = NO;
				DEBUG_INFORMATION_FORMAT = "dwarf-with-dsym";
				ENABLE_NS_ASSERTIONS = NO;
				ENABLE_STRICT_OBJC_MSGSEND = YES;
				GCC_C_LANGUAGE_STANDARD = gnu11;
				GCC_NO_COMMON_BLOCKS = YES;
				GCC_WARN_64_TO_32_BIT_CONVERSION = YES;
				GCC_WARN_ABOUT_RETURN_TYPE = YES_ERROR;
				GCC_WARN_UNDECLARED_SELECTOR = YES;
				GCC_WARN_UNINITIALIZED_AUTOS = YES_AGGRESSIVE;
				GCC_WARN_UNUSED_FUNCTION = YES;
				GCC_WARN_UNUSED_VARIABLE = YES;
				IPHONEOS_DEPLOYMENT_TARGET = 15.4;
				MTL_ENABLE_DEBUG_INFO = NO;
				MTL_FAST_MATH = YES;
				SDKROOT = iphoneos;
				SWIFT_COMPILATION_MODE = wholemodule;
				SWIFT_OPTIMIZATION_LEVEL = "-O";
				VALIDATE_PRODUCT = YES;
			};
			name = Release;
		};
		89B7FF372935DAD300E43470 /* Debug */ = {
			isa = XCBuildConfiguration;
			buildSettings = {
				ASSETCATALOG_COMPILER_APPICON_NAME = AppIcon;
				ASSETCATALOG_COMPILER_GLOBAL_ACCENT_COLOR_NAME = AccentColor;
				CODE_SIGN_STYLE = Automatic;
				CURRENT_PROJECT_VERSION = 1;
				GENERATE_INFOPLIST_FILE = YES;
				INFOPLIST_FILE = Test/Info.plist;
				INFOPLIST_KEY_UIApplicationSupportsIndirectInputEvents = YES;
				INFOPLIST_KEY_UILaunchStoryboardName = LaunchScreen;
				INFOPLIST_KEY_UIMainStoryboardFile = Main;
				INFOPLIST_KEY_UISupportedInterfaceOrientations_iPad = "UIInterfaceOrientationPortrait UIInterfaceOrientationPortraitUpsideDown UIInterfaceOrientationLandscapeLeft UIInterfaceOrientationLandscapeRight";
				INFOPLIST_KEY_UISupportedInterfaceOrientations_iPhone = "UIInterfaceOrientationPortrait UIInterfaceOrientationLandscapeLeft UIInterfaceOrientationLandscapeRight";
				LD_RUNPATH_SEARCH_PATHS = (
					"$(inherited)",
					"@executable_path/Frameworks",
				);
				MARKETING_VERSION = 1.0;
				PRODUCT_BUNDLE_IDENTIFIER = user10.Test;
				PRODUCT_NAME = "$(TARGET_NAME)";
				SWIFT_EMIT_LOC_STRINGS = YES;
				SWIFT_VERSION = 5.0;
				TARGETED_DEVICE_FAMILY = "1,2";
			};
			name = Debug;
		};
		89B7FF382935DAD300E43470 /* Release */ = {
			isa = XCBuildConfiguration;
			buildSettings = {
				ASSETCATALOG_COMPILER_APPICON_NAME = AppIcon;
				ASSETCATALOG_COMPILER_GLOBAL_ACCENT_COLOR_NAME = AccentColor;
				CODE_SIGN_STYLE = Automatic;
				CURRENT_PROJECT_VERSION = 1;
				GENERATE_INFOPLIST_FILE = YES;
				INFOPLIST_FILE = Test/Info.plist;
				INFOPLIST_KEY_UIApplicationSupportsIndirectInputEvents = YES;
				INFOPLIST_KEY_UILaunchStoryboardName = LaunchScreen;
				INFOPLIST_KEY_UIMainStoryboardFile = Main;
				INFOPLIST_KEY_UISupportedInterfaceOrientations_iPad = "UIInterfaceOrientationPortrait UIInterfaceOrientationPortraitUpsideDown UIInterfaceOrientationLandscapeLeft UIInterfaceOrientationLandscapeRight";
				INFOPLIST_KEY_UISupportedInterfaceOrientations_iPhone = "UIInterfaceOrientationPortrait UIInterfaceOrientationLandscapeLeft UIInterfaceOrientationLandscapeRight";
				LD_RUNPATH_SEARCH_PATHS = (
					"$(inherited)",
					"@executable_path/Frameworks",
				);
				MARKETING_VERSION = 1.0;
				PRODUCT_BUNDLE_IDENTIFIER = user10.Test;
				PRODUCT_NAME = "$(TARGET_NAME)";
				SWIFT_EMIT_LOC_STRINGS = YES;
				SWIFT_VERSION = 5.0;
				TARGETED_DEVICE_FAMILY = "1,2";
			};
			name = Release;
		};
		89B7FF3A2935DAD300E43470 /* Debug */ = {
			isa = XCBuildConfiguration;
			buildSettings = {
				ALWAYS_EMBED_SWIFT_STANDARD_LIBRARIES = YES;
				BUNDLE_LOADER = "$(TEST_HOST)";
				CODE_SIGN_STYLE = Automatic;
				CURRENT_PROJECT_VERSION = 1;
				GENERATE_INFOPLIST_FILE = YES;
				IPHONEOS_DEPLOYMENT_TARGET = 15.4;
				MARKETING_VERSION = 1.0;
				PRODUCT_BUNDLE_IDENTIFIER = user10.TestTests;
				PRODUCT_NAME = "$(TARGET_NAME)";
				SWIFT_EMIT_LOC_STRINGS = NO;
				SWIFT_VERSION = 5.0;
				TARGETED_DEVICE_FAMILY = "1,2";
				TEST_HOST = "$(BUILT_PRODUCTS_DIR)/Test.app/Test";
			};
			name = Debug;
		};
		89B7FF3B2935DAD300E43470 /* Release */ = {
			isa = XCBuildConfiguration;
			buildSettings = {
				ALWAYS_EMBED_SWIFT_STANDARD_LIBRARIES = YES;
				BUNDLE_LOADER = "$(TEST_HOST)";
				CODE_SIGN_STYLE = Automatic;
				CURRENT_PROJECT_VERSION = 1;
				GENERATE_INFOPLIST_FILE = YES;
				IPHONEOS_DEPLOYMENT_TARGET = 15.4;
				MARKETING_VERSION = 1.0;
				PRODUCT_BUNDLE_IDENTIFIER = user10.TestTests;
				PRODUCT_NAME = "$(TARGET_NAME)";
				SWIFT_EMIT_LOC_STRINGS = NO;
				SWIFT_VERSION = 5.0;
				TARGETED_DEVICE_FAMILY = "1,2";
				TEST_HOST = "$(BUILT_PRODUCTS_DIR)/Test.app/Test";
			};
			name = Release;
		};
		89B7FF3D2935DAD300E43470 /* Debug */ = {
			isa = XCBuildConfiguration;
			buildSettings = {
				ALWAYS_EMBED_SWIFT_STANDARD_LIBRARIES = YES;
				CODE_SIGN_STYLE = Automatic;
				CURRENT_PROJECT_VERSION = 1;
				GENERATE_INFOPLIST_FILE = YES;
				MARKETING_VERSION = 1.0;
				PRODUCT_BUNDLE_IDENTIFIER = user10.TestUITests;
				PRODUCT_NAME = "$(TARGET_NAME)";
				SWIFT_EMIT_LOC_STRINGS = NO;
				SWIFT_VERSION = 5.0;
				TARGETED_DEVICE_FAMILY = "1,2";
				TEST_TARGET_NAME = Test;
			};
			name = Debug;
		};
		89B7FF3E2935DAD300E43470 /* Release */ = {
			isa = XCBuildConfiguration;
			buildSettings = {
				ALWAYS_EMBED_SWIFT_STANDARD_LIBRARIES = YES;
				CODE_SIGN_STYLE = Automatic;
				CURRENT_PROJECT_VERSION = 1;
				GENERATE_INFOPLIST_FILE = YES;
				MARKETING_VERSION = 1.0;
				PRODUCT_BUNDLE_IDENTIFIER = user10.TestUITests;
				PRODUCT_NAME = "$(TARGET_NAME)";
				SWIFT_EMIT_LOC_STRINGS = NO;
				SWIFT_VERSION = 5.0;
				TARGETED_DEVICE_FAMILY = "1,2";
				TEST_TARGET_NAME = Test;
			};
			name = Release;
		};
/* End XCBuildConfiguration section */

/* Begin XCConfigurationList section */
		89B7FF072935DACD00E43470 /* Build configuration list for PBXProject "Test" */ = {
			isa = XCConfigurationList;
			buildConfigurations = (
				89B7FF342935DAD300E43470 /* Debug */,
				89B7FF352935DAD300E43470 /* Release */,
			);
			defaultConfigurationIsVisible = 0;
			defaultConfigurationName = Release;
		};
		89B7FF362935DAD300E43470 /* Build configuration list for PBXNativeTarget "Test" */ = {
			isa = XCConfigurationList;
			buildConfigurations = (
				89B7FF372935DAD300E43470 /* Debug */,
				89B7FF382935DAD300E43470 /* Release */,
			);
			defaultConfigurationIsVisible = 0;
			defaultConfigurationName = Release;
		};
		89B7FF392935DAD300E43470 /* Build configuration list for PBXNativeTarget "TestTests" */ = {
			isa = XCConfigurationList;
			buildConfigurations = (
				89B7FF3A2935DAD300E43470 /* Debug */,
				89B7FF3B2935DAD300E43470 /* Release */,
			);
			defaultConfigurationIsVisible = 0;
			defaultConfigurationName = Release;
		};
		89B7FF3C2935DAD300E43470 /* Build configuration list for PBXNativeTarget "TestUITests" */ = {
			isa = XCConfigurationList;
			buildConfigurations = (
				89B7FF3D2935DAD300E43470 /* Debug */,
				89B7FF3E2935DAD300E43470 /* Release */,
			);
			defaultConfigurationIsVisible = 0;
			defaultConfigurationName = Release;
		};
/* End XCConfigurationList section */
	};
	rootObject = 89B7FF042935DACD00E43470 /* Project object */;
}
